// !$*UTF8*$!
{
	archiveVersion = 1;
	classes = {
	};
	objectVersion = 46;
	objects = {

/* Begin PBXBuildFile section */
		0A388FFA1D98D620007E126A /* AppDelegate.swift in Sources */ = {isa = PBXBuildFile; fileRef = 0A388FF91D98D620007E126A /* AppDelegate.swift */; };
		0A388FFC1D98D620007E126A /* ViewController.swift in Sources */ = {isa = PBXBuildFile; fileRef = 0A388FFB1D98D620007E126A /* ViewController.swift */; };
		0A3890011D98D620007E126A /* Assets.xcassets in Resources */ = {isa = PBXBuildFile; fileRef = 0A3890001D98D620007E126A /* Assets.xcassets */; };
		0A3890041D98D620007E126A /* LaunchScreen.storyboard in Resources */ = {isa = PBXBuildFile; fileRef = 0A3890021D98D620007E126A /* LaunchScreen.storyboard */; };
		0A38900F1D98D621007E126A /* ChildWellnessApplicationTests.swift in Sources */ = {isa = PBXBuildFile; fileRef = 0A38900E1D98D621007E126A /* ChildWellnessApplicationTests.swift */; };
		0A38901A1D98D621007E126A /* ChildWellnessApplicationUITests.swift in Sources */ = {isa = PBXBuildFile; fileRef = 0A3890191D98D621007E126A /* ChildWellnessApplicationUITests.swift */; };
		0AA9484B1D9B6B01007E0799 /* SignUpViewController.swift in Sources */ = {isa = PBXBuildFile; fileRef = 0AA9484A1D9B6B01007E0799 /* SignUpViewController.swift */; };
		0AF3058D1DA07A96008A4625 /* LoginViewController.swift in Sources */ = {isa = PBXBuildFile; fileRef = 0AF3058C1DA07A96008A4625 /* LoginViewController.swift */; };
		A042126F1DA9F56E00F7F0FB /* RealmSwift.framework in Frameworks */ = {isa = PBXBuildFile; fileRef = A042126D1DA9F56E00F7F0FB /* RealmSwift.framework */; };
		A04212701DA9F56E00F7F0FB /* Realm.framework in Frameworks */ = {isa = PBXBuildFile; fileRef = A042126E1DA9F56E00F7F0FB /* Realm.framework */; };
		A04212711DA9F58F00F7F0FB /* RealmSwift.framework in Frameworks */ = {isa = PBXBuildFile; fileRef = A042126D1DA9F56E00F7F0FB /* RealmSwift.framework */; };
		A04212721DA9F58F00F7F0FB /* RealmSwift.framework in Embed Frameworks */ = {isa = PBXBuildFile; fileRef = A042126D1DA9F56E00F7F0FB /* RealmSwift.framework */; settings = {ATTRIBUTES = (CodeSignOnCopy, RemoveHeadersOnCopy, ); }; };
		A04212731DA9F58F00F7F0FB /* Realm.framework in Frameworks */ = {isa = PBXBuildFile; fileRef = A042126E1DA9F56E00F7F0FB /* Realm.framework */; };
		A04212741DA9F58F00F7F0FB /* Realm.framework in Embed Frameworks */ = {isa = PBXBuildFile; fileRef = A042126E1DA9F56E00F7F0FB /* Realm.framework */; settings = {ATTRIBUTES = (CodeSignOnCopy, RemoveHeadersOnCopy, ); }; };
		A04212781DAA013700F7F0FB /* RealmObjects.swift in Sources */ = {isa = PBXBuildFile; fileRef = A04212771DAA013700F7F0FB /* RealmObjects.swift */; };
		AC02840A1DCABEDA00FB33F3 /* Charts.framework in Frameworks */ = {isa = PBXBuildFile; fileRef = AC0284051DCABEBA00FB33F3 /* Charts.framework */; };
		AC02840B1DCABEDA00FB33F3 /* Charts.framework in Embed Frameworks */ = {isa = PBXBuildFile; fileRef = AC0284051DCABEBA00FB33F3 /* Charts.framework */; settings = {ATTRIBUTES = (CodeSignOnCopy, RemoveHeadersOnCopy, ); }; };
		AC0284101DCAC19D00FB33F3 /* AnalysisDashboardController.swift in Sources */ = {isa = PBXBuildFile; fileRef = AC02840F1DCAC19D00FB33F3 /* AnalysisDashboardController.swift */; };
		AC0284121DCAC4C900FB33F3 /* AnalysisChartController.swift in Sources */ = {isa = PBXBuildFile; fileRef = AC0284111DCAC4C900FB33F3 /* AnalysisChartController.swift */; };
		AC0284141DCAD66700FB33F3 /* MyXAxisValueFormatter.swift in Sources */ = {isa = PBXBuildFile; fileRef = AC0284131DCAD66700FB33F3 /* MyXAxisValueFormatter.swift */; };
		F61B20431DBB1EC6001A9FBE /* EmotionObject.swift in Sources */ = {isa = PBXBuildFile; fileRef = F61B20421DBB1EC6001A9FBE /* EmotionObject.swift */; };
		F61B20451DBB208F001A9FBE /* CommunicationObject.swift in Sources */ = {isa = PBXBuildFile; fileRef = F61B20441DBB208F001A9FBE /* CommunicationObject.swift */; };
		F61B20471DBB2184001A9FBE /* SocialObject.swift in Sources */ = {isa = PBXBuildFile; fileRef = F61B20461DBB2184001A9FBE /* SocialObject.swift */; };
		F61B20491DBB2741001A9FBE /* EmotionViewController.swift in Sources */ = {isa = PBXBuildFile; fileRef = F61B20481DBB2741001A9FBE /* EmotionViewController.swift */; };
		F61B204B1DBB33A5001A9FBE /* SocialViewController.swift in Sources */ = {isa = PBXBuildFile; fileRef = F61B204A1DBB33A5001A9FBE /* SocialViewController.swift */; };
		F61B204D1DBB3966001A9FBE /* CommunicationViewController.swift in Sources */ = {isa = PBXBuildFile; fileRef = F61B204C1DBB3966001A9FBE /* CommunicationViewController.swift */; };
		F639F3E01DB6DDAD005741AC /* RecordObject.swift in Sources */ = {isa = PBXBuildFile; fileRef = F639F3DF1DB6DDAD005741AC /* RecordObject.swift */; };
		F639F3E21DB6E05D005741AC /* ActivityObject.swift in Sources */ = {isa = PBXBuildFile; fileRef = F639F3E11DB6E05D005741AC /* ActivityObject.swift */; };
		F639F3E41DB71B9F005741AC /* SelectActionViewController.swift in Sources */ = {isa = PBXBuildFile; fileRef = F639F3E31DB71B9F005741AC /* SelectActionViewController.swift */; };
		F686CA2B1DA2DF940060B57D /* ChildProfileTableViewCell.swift in Sources */ = {isa = PBXBuildFile; fileRef = F686CA2A1DA2DF940060B57D /* ChildProfileTableViewCell.swift */; };
		F686CA2D1DA2F4B20060B57D /* ChildProfileTableViewController.swift in Sources */ = {isa = PBXBuildFile; fileRef = F686CA2C1DA2F4B20060B57D /* ChildProfileTableViewController.swift */; };
		F686CA2F1DA2F6880060B57D /* ChildModel.swift in Sources */ = {isa = PBXBuildFile; fileRef = F686CA2E1DA2F6880060B57D /* ChildModel.swift */; };
		F686CA311DA35BE50060B57D /* .gitignore in Resources */ = {isa = PBXBuildFile; fileRef = F686CA301DA35BE50060B57D /* .gitignore */; };
		F6E9E3EC1DB99B9A00C67026 /* RecordEntryView.swift in Sources */ = {isa = PBXBuildFile; fileRef = F6E9E3EB1DB99B9A00C67026 /* RecordEntryView.swift */; };
		F6E9E3EE1DB99BB200C67026 /* RecordEntryView.xib in Resources */ = {isa = PBXBuildFile; fileRef = F6E9E3ED1DB99BB200C67026 /* RecordEntryView.xib */; };
		F6E9E3F01DB9B2C200C67026 /* ActivityViewController.swift in Sources */ = {isa = PBXBuildFile; fileRef = F6E9E3EF1DB9B2C200C67026 /* ActivityViewController.swift */; };
		F6E9E3F21DB9C9B100C67026 /* RecordFormViewController.swift in Sources */ = {isa = PBXBuildFile; fileRef = F6E9E3F11DB9C9B100C67026 /* RecordFormViewController.swift */; };
		F6F103891DAB300200DBB605 /* AppChild.swift in Sources */ = {isa = PBXBuildFile; fileRef = F6F103881DAB300200DBB605 /* AppChild.swift */; };
		F6FABCDD1DA701B200E0ABEB /* ChildFormViewController.swift in Sources */ = {isa = PBXBuildFile; fileRef = F6FABCDC1DA701B200E0ABEB /* ChildFormViewController.swift */; };
		F6FABCE01DA7167700E0ABEB /* Main.storyboard in Resources */ = {isa = PBXBuildFile; fileRef = F6FABCDE1DA7167700E0ABEB /* Main.storyboard */; };
		F6FABCE21DA73F7400E0ABEB /* ChildProfileViewController.swift in Sources */ = {isa = PBXBuildFile; fileRef = F6FABCE11DA73F7400E0ABEB /* ChildProfileViewController.swift */; };
/* End PBXBuildFile section */

/* Begin PBXContainerItemProxy section */
		0A38900B1D98D620007E126A /* PBXContainerItemProxy */ = {
			isa = PBXContainerItemProxy;
			containerPortal = 0A388FEE1D98D620007E126A /* Project object */;
			proxyType = 1;
			remoteGlobalIDString = 0A388FF51D98D620007E126A;
			remoteInfo = ChildWellnessApplication;
		};
		0A3890161D98D621007E126A /* PBXContainerItemProxy */ = {
			isa = PBXContainerItemProxy;
			containerPortal = 0A388FEE1D98D620007E126A /* Project object */;
			proxyType = 1;
			remoteGlobalIDString = 0A388FF51D98D620007E126A;
			remoteInfo = ChildWellnessApplication;
		};
		AC0284041DCABEBA00FB33F3 /* PBXContainerItemProxy */ = {
			isa = PBXContainerItemProxy;
			containerPortal = AC0283FE1DCABEB900FB33F3 /* Charts.xcodeproj */;
			proxyType = 2;
			remoteGlobalIDString = 06165F241D8110E600722320;
			remoteInfo = Charts;
		};
		AC0284061DCABEBA00FB33F3 /* PBXContainerItemProxy */ = {
			isa = PBXContainerItemProxy;
			containerPortal = AC0283FE1DCABEB900FB33F3 /* Charts.xcodeproj */;
			proxyType = 2;
			remoteGlobalIDString = 06B120D51D811E6200D14B02;
			remoteInfo = ChartsRealm;
		};
		AC0284081DCABEBA00FB33F3 /* PBXContainerItemProxy */ = {
			isa = PBXContainerItemProxy;
			containerPortal = AC0283FE1DCABEB900FB33F3 /* Charts.xcodeproj */;
			proxyType = 2;
			remoteGlobalIDString = 06165F2E1D8110E600722320;
			remoteInfo = ChartsTests;
		};
/* End PBXContainerItemProxy section */

/* Begin PBXCopyFilesBuildPhase section */
		A04212751DA9F58F00F7F0FB /* Embed Frameworks */ = {
			isa = PBXCopyFilesBuildPhase;
			buildActionMask = 2147483647;
			dstPath = "";
			dstSubfolderSpec = 10;
			files = (
				AC02840B1DCABEDA00FB33F3 /* Charts.framework in Embed Frameworks */,
				A04212741DA9F58F00F7F0FB /* Realm.framework in Embed Frameworks */,
				A04212721DA9F58F00F7F0FB /* RealmSwift.framework in Embed Frameworks */,
			);
			name = "Embed Frameworks";
			runOnlyForDeploymentPostprocessing = 0;
		};
/* End PBXCopyFilesBuildPhase section */

/* Begin PBXFileReference section */
		0A388FF61D98D620007E126A /* ChildWellnessApplication.app */ = {isa = PBXFileReference; explicitFileType = wrapper.application; includeInIndex = 0; path = ChildWellnessApplication.app; sourceTree = BUILT_PRODUCTS_DIR; };
		0A388FF91D98D620007E126A /* AppDelegate.swift */ = {isa = PBXFileReference; lastKnownFileType = sourcecode.swift; path = AppDelegate.swift; sourceTree = "<group>"; };
		0A388FFB1D98D620007E126A /* ViewController.swift */ = {isa = PBXFileReference; lastKnownFileType = sourcecode.swift; path = ViewController.swift; sourceTree = "<group>"; };
		0A3890001D98D620007E126A /* Assets.xcassets */ = {isa = PBXFileReference; lastKnownFileType = folder.assetcatalog; path = Assets.xcassets; sourceTree = "<group>"; };
		0A3890031D98D620007E126A /* Base */ = {isa = PBXFileReference; lastKnownFileType = file.storyboard; name = Base; path = Base.lproj/LaunchScreen.storyboard; sourceTree = "<group>"; };
		0A3890051D98D620007E126A /* Info.plist */ = {isa = PBXFileReference; lastKnownFileType = text.plist.xml; path = Info.plist; sourceTree = "<group>"; };
		0A38900A1D98D620007E126A /* ChildWellnessApplicationTests.xctest */ = {isa = PBXFileReference; explicitFileType = wrapper.cfbundle; includeInIndex = 0; path = ChildWellnessApplicationTests.xctest; sourceTree = BUILT_PRODUCTS_DIR; };
		0A38900E1D98D621007E126A /* ChildWellnessApplicationTests.swift */ = {isa = PBXFileReference; lastKnownFileType = sourcecode.swift; path = ChildWellnessApplicationTests.swift; sourceTree = "<group>"; };
		0A3890101D98D621007E126A /* Info.plist */ = {isa = PBXFileReference; lastKnownFileType = text.plist.xml; path = Info.plist; sourceTree = "<group>"; };
		0A3890151D98D621007E126A /* ChildWellnessApplicationUITests.xctest */ = {isa = PBXFileReference; explicitFileType = wrapper.cfbundle; includeInIndex = 0; path = ChildWellnessApplicationUITests.xctest; sourceTree = BUILT_PRODUCTS_DIR; };
		0A3890191D98D621007E126A /* ChildWellnessApplicationUITests.swift */ = {isa = PBXFileReference; lastKnownFileType = sourcecode.swift; path = ChildWellnessApplicationUITests.swift; sourceTree = "<group>"; };
		0A38901B1D98D621007E126A /* Info.plist */ = {isa = PBXFileReference; lastKnownFileType = text.plist.xml; path = Info.plist; sourceTree = "<group>"; };
		0A794CB31DA35D6D0038311C /* ChildModel.swift */ = {isa = PBXFileReference; fileEncoding = 4; lastKnownFileType = sourcecode.swift; path = ChildModel.swift; sourceTree = "<group>"; };
		0AA9484A1D9B6B01007E0799 /* SignUpViewController.swift */ = {isa = PBXFileReference; fileEncoding = 4; lastKnownFileType = sourcecode.swift; path = SignUpViewController.swift; sourceTree = "<group>"; };
		0AF3058C1DA07A96008A4625 /* LoginViewController.swift */ = {isa = PBXFileReference; fileEncoding = 4; lastKnownFileType = sourcecode.swift; path = LoginViewController.swift; sourceTree = "<group>"; };
		A042126D1DA9F56E00F7F0FB /* RealmSwift.framework */ = {isa = PBXFileReference; lastKnownFileType = wrapper.framework; path = RealmSwift.framework; sourceTree = "<group>"; };
		A042126E1DA9F56E00F7F0FB /* Realm.framework */ = {isa = PBXFileReference; lastKnownFileType = wrapper.framework; path = Realm.framework; sourceTree = "<group>"; };
		A04212771DAA013700F7F0FB /* RealmObjects.swift */ = {isa = PBXFileReference; fileEncoding = 4; lastKnownFileType = sourcecode.swift; path = RealmObjects.swift; sourceTree = "<group>"; };
		AC0283FE1DCABEB900FB33F3 /* Charts.xcodeproj */ = {isa = PBXFileReference; lastKnownFileType = "wrapper.pb-project"; name = Charts.xcodeproj; path = "Charts-master/Charts.xcodeproj"; sourceTree = "<group>"; };
		AC02840F1DCAC19D00FB33F3 /* AnalysisDashboardController.swift */ = {isa = PBXFileReference; fileEncoding = 4; lastKnownFileType = sourcecode.swift; path = AnalysisDashboardController.swift; sourceTree = "<group>"; };
		AC0284111DCAC4C900FB33F3 /* AnalysisChartController.swift */ = {isa = PBXFileReference; fileEncoding = 4; lastKnownFileType = sourcecode.swift; path = AnalysisChartController.swift; sourceTree = "<group>"; };
		AC0284131DCAD66700FB33F3 /* MyXAxisValueFormatter.swift */ = {isa = PBXFileReference; fileEncoding = 4; lastKnownFileType = sourcecode.swift; path = MyXAxisValueFormatter.swift; sourceTree = "<group>"; };
		F61B20421DBB1EC6001A9FBE /* EmotionObject.swift */ = {isa = PBXFileReference; fileEncoding = 4; lastKnownFileType = sourcecode.swift; path = EmotionObject.swift; sourceTree = "<group>"; };
		F61B20441DBB208F001A9FBE /* CommunicationObject.swift */ = {isa = PBXFileReference; fileEncoding = 4; lastKnownFileType = sourcecode.swift; path = CommunicationObject.swift; sourceTree = "<group>"; };
		F61B20461DBB2184001A9FBE /* SocialObject.swift */ = {isa = PBXFileReference; fileEncoding = 4; lastKnownFileType = sourcecode.swift; path = SocialObject.swift; sourceTree = "<group>"; };
		F61B20481DBB2741001A9FBE /* EmotionViewController.swift */ = {isa = PBXFileReference; fileEncoding = 4; lastKnownFileType = sourcecode.swift; path = EmotionViewController.swift; sourceTree = "<group>"; };
		F61B204A1DBB33A5001A9FBE /* SocialViewController.swift */ = {isa = PBXFileReference; fileEncoding = 4; lastKnownFileType = sourcecode.swift; path = SocialViewController.swift; sourceTree = "<group>"; };
		F61B204C1DBB3966001A9FBE /* CommunicationViewController.swift */ = {isa = PBXFileReference; fileEncoding = 4; lastKnownFileType = sourcecode.swift; path = CommunicationViewController.swift; sourceTree = "<group>"; };
		F639F3DF1DB6DDAD005741AC /* RecordObject.swift */ = {isa = PBXFileReference; fileEncoding = 4; lastKnownFileType = sourcecode.swift; path = RecordObject.swift; sourceTree = "<group>"; };
		F639F3E11DB6E05D005741AC /* ActivityObject.swift */ = {isa = PBXFileReference; fileEncoding = 4; lastKnownFileType = sourcecode.swift; path = ActivityObject.swift; sourceTree = "<group>"; };
		F639F3E31DB71B9F005741AC /* SelectActionViewController.swift */ = {isa = PBXFileReference; fileEncoding = 4; lastKnownFileType = sourcecode.swift; path = SelectActionViewController.swift; sourceTree = "<group>"; };
		F686CA2A1DA2DF940060B57D /* ChildProfileTableViewCell.swift */ = {isa = PBXFileReference; fileEncoding = 4; lastKnownFileType = sourcecode.swift; path = ChildProfileTableViewCell.swift; sourceTree = "<group>"; };
		F686CA2C1DA2F4B20060B57D /* ChildProfileTableViewController.swift */ = {isa = PBXFileReference; fileEncoding = 4; lastKnownFileType = sourcecode.swift; path = ChildProfileTableViewController.swift; sourceTree = "<group>"; };
		F686CA2E1DA2F6880060B57D /* ChildModel.swift */ = {isa = PBXFileReference; fileEncoding = 4; lastKnownFileType = sourcecode.swift; name = ChildModel.swift; path = ChildWellnessApplication/ChildModel.swift; sourceTree = "<group>"; };
		F686CA301DA35BE50060B57D /* .gitignore */ = {isa = PBXFileReference; fileEncoding = 4; lastKnownFileType = text; path = .gitignore; sourceTree = "<group>"; };
		F6E9E3EB1DB99B9A00C67026 /* RecordEntryView.swift */ = {isa = PBXFileReference; fileEncoding = 4; lastKnownFileType = sourcecode.swift; path = RecordEntryView.swift; sourceTree = "<group>"; };
		F6E9E3ED1DB99BB200C67026 /* RecordEntryView.xib */ = {isa = PBXFileReference; fileEncoding = 4; lastKnownFileType = file.xib; path = RecordEntryView.xib; sourceTree = "<group>"; };
		F6E9E3EF1DB9B2C200C67026 /* ActivityViewController.swift */ = {isa = PBXFileReference; fileEncoding = 4; lastKnownFileType = sourcecode.swift; path = ActivityViewController.swift; sourceTree = "<group>"; };
		F6E9E3F11DB9C9B100C67026 /* RecordFormViewController.swift */ = {isa = PBXFileReference; fileEncoding = 4; lastKnownFileType = sourcecode.swift; path = RecordFormViewController.swift; sourceTree = "<group>"; };
		F6F103881DAB300200DBB605 /* AppChild.swift */ = {isa = PBXFileReference; fileEncoding = 4; lastKnownFileType = sourcecode.swift; path = AppChild.swift; sourceTree = "<group>"; };
		F6FABCDC1DA701B200E0ABEB /* ChildFormViewController.swift */ = {isa = PBXFileReference; fileEncoding = 4; lastKnownFileType = sourcecode.swift; path = ChildFormViewController.swift; sourceTree = "<group>"; };
		F6FABCDF1DA7167700E0ABEB /* Base */ = {isa = PBXFileReference; lastKnownFileType = file.storyboard; name = Base; path = Base.lproj/Main.storyboard; sourceTree = "<group>"; };
		F6FABCE11DA73F7400E0ABEB /* ChildProfileViewController.swift */ = {isa = PBXFileReference; fileEncoding = 4; lastKnownFileType = sourcecode.swift; path = ChildProfileViewController.swift; sourceTree = "<group>"; };
/* End PBXFileReference section */

/* Begin PBXFrameworksBuildPhase section */
		0A388FF31D98D620007E126A /* Frameworks */ = {
			isa = PBXFrameworksBuildPhase;
			buildActionMask = 2147483647;
			files = (
				A04212731DA9F58F00F7F0FB /* Realm.framework in Frameworks */,
				A04212701DA9F56E00F7F0FB /* Realm.framework in Frameworks */,
				AC02840A1DCABEDA00FB33F3 /* Charts.framework in Frameworks */,
				A042126F1DA9F56E00F7F0FB /* RealmSwift.framework in Frameworks */,
				A04212711DA9F58F00F7F0FB /* RealmSwift.framework in Frameworks */,
			);
			runOnlyForDeploymentPostprocessing = 0;
		};
		0A3890071D98D620007E126A /* Frameworks */ = {
			isa = PBXFrameworksBuildPhase;
			buildActionMask = 2147483647;
			files = (
			);
			runOnlyForDeploymentPostprocessing = 0;
		};
		0A3890121D98D621007E126A /* Frameworks */ = {
			isa = PBXFrameworksBuildPhase;
			buildActionMask = 2147483647;
			files = (
			);
			runOnlyForDeploymentPostprocessing = 0;
		};
/* End PBXFrameworksBuildPhase section */

/* Begin PBXGroup section */
		0A388FED1D98D620007E126A = {
			isa = PBXGroup;
			children = (
				F686CA2E1DA2F6880060B57D /* ChildModel.swift */,
				AC0283FE1DCABEB900FB33F3 /* Charts.xcodeproj */,
				0A388FF81D98D620007E126A /* ChildWellnessApplication */,
				0A38900D1D98D620007E126A /* ChildWellnessApplicationTests */,
				0A3890181D98D621007E126A /* ChildWellnessApplicationUITests */,
				0A388FF71D98D620007E126A /* Products */,
				A042126D1DA9F56E00F7F0FB /* RealmSwift.framework */,
				A042126E1DA9F56E00F7F0FB /* Realm.framework */,
			);
			sourceTree = "<group>";
		};
		0A388FF71D98D620007E126A /* Products */ = {
			isa = PBXGroup;
			children = (
				0A388FF61D98D620007E126A /* ChildWellnessApplication.app */,
				0A38900A1D98D620007E126A /* ChildWellnessApplicationTests.xctest */,
				0A3890151D98D621007E126A /* ChildWellnessApplicationUITests.xctest */,
			);
			name = Products;
			sourceTree = "<group>";
		};
		0A388FF81D98D620007E126A /* ChildWellnessApplication */ = {
			isa = PBXGroup;
			children = (
				AC02840E1DCAC18300FB33F3 /* Analysis */,
				F61B20411DBB1327001A9FBE /* Children */,
				F61B20401DBB12DE001A9FBE /* Record Creation */,
				F61B203F1DBB124C001A9FBE /* Sign Up and Login Controllers */,
				F61B203E1DBB11D9001A9FBE /* Realm/ Database Objects */,
				F6E9E3EA1DB99B4200C67026 /* ViewElements */,
				0A388FF91D98D620007E126A /* AppDelegate.swift */,
				0A388FFB1D98D620007E126A /* ViewController.swift */,
				F686CA301DA35BE50060B57D /* .gitignore */,
				F6FABCDE1DA7167700E0ABEB /* Main.storyboard */,
				0A3890001D98D620007E126A /* Assets.xcassets */,
				0A3890021D98D620007E126A /* LaunchScreen.storyboard */,
				0A3890051D98D620007E126A /* Info.plist */,
			);
			path = ChildWellnessApplication;
			sourceTree = "<group>";
		};
		0A38900D1D98D620007E126A /* ChildWellnessApplicationTests */ = {
			isa = PBXGroup;
			children = (
				0A38900E1D98D621007E126A /* ChildWellnessApplicationTests.swift */,
				0A3890101D98D621007E126A /* Info.plist */,
			);
			path = ChildWellnessApplicationTests;
			sourceTree = "<group>";
		};
		0A3890181D98D621007E126A /* ChildWellnessApplicationUITests */ = {
			isa = PBXGroup;
			children = (
				0A3890191D98D621007E126A /* ChildWellnessApplicationUITests.swift */,
				0A38901B1D98D621007E126A /* Info.plist */,
			);
			path = ChildWellnessApplicationUITests;
			sourceTree = "<group>";
		};
		AC0283FF1DCABEB900FB33F3 /* Products */ = {
			isa = PBXGroup;
			children = (
				AC0284051DCABEBA00FB33F3 /* Charts.framework */,
				AC0284071DCABEBA00FB33F3 /* ChartsRealm.framework */,
				AC0284091DCABEBA00FB33F3 /* ChartsTests.xctest */,
			);
			name = Products;
			sourceTree = "<group>";
		};
		AC02840E1DCAC18300FB33F3 /* Analysis */ = {
			isa = PBXGroup;
			children = (
				AC02840F1DCAC19D00FB33F3 /* AnalysisDashboardController.swift */,
				AC0284111DCAC4C900FB33F3 /* AnalysisChartController.swift */,
				AC0284131DCAD66700FB33F3 /* MyXAxisValueFormatter.swift */,
			);
			name = Analysis;
			sourceTree = "<group>";
		};
		F61B203E1DBB11D9001A9FBE /* Realm/ Database Objects */ = {
			isa = PBXGroup;
			children = (
				A04212771DAA013700F7F0FB /* RealmObjects.swift */,
				F6F103881DAB300200DBB605 /* AppChild.swift */,
				F639F3DF1DB6DDAD005741AC /* RecordObject.swift */,
				F639F3E11DB6E05D005741AC /* ActivityObject.swift */,
				F61B20421DBB1EC6001A9FBE /* EmotionObject.swift */,
				F61B20441DBB208F001A9FBE /* CommunicationObject.swift */,
				F61B20461DBB2184001A9FBE /* SocialObject.swift */,
			);
			name = "Realm/ Database Objects";
			sourceTree = "<group>";
		};
		F61B203F1DBB124C001A9FBE /* Sign Up and Login Controllers */ = {
			isa = PBXGroup;
			children = (
				0AA9484A1D9B6B01007E0799 /* SignUpViewController.swift */,
				0AF3058C1DA07A96008A4625 /* LoginViewController.swift */,
			);
			name = "Sign Up and Login Controllers";
			sourceTree = "<group>";
		};
		F61B20401DBB12DE001A9FBE /* Record Creation */ = {
			isa = PBXGroup;
			children = (
				F6E9E3F11DB9C9B100C67026 /* RecordFormViewController.swift */,
				F6E9E3EF1DB9B2C200C67026 /* ActivityViewController.swift */,
				F61B20481DBB2741001A9FBE /* EmotionViewController.swift */,
				F61B204A1DBB33A5001A9FBE /* SocialViewController.swift */,
				F61B204C1DBB3966001A9FBE /* CommunicationViewController.swift */,
			);
			name = "Record Creation";
			sourceTree = "<group>";
		};
		F61B20411DBB1327001A9FBE /* Children */ = {
			isa = PBXGroup;
			children = (
				F6FABCDC1DA701B200E0ABEB /* ChildFormViewController.swift */,
				F686CA2C1DA2F4B20060B57D /* ChildProfileTableViewController.swift */,
				F6FABCE11DA73F7400E0ABEB /* ChildProfileViewController.swift */,
				F639F3E31DB71B9F005741AC /* SelectActionViewController.swift */,
				0A794CB31DA35D6D0038311C /* ChildModel.swift */,
			);
			name = Children;
			sourceTree = "<group>";
		};
		F6E9E3EA1DB99B4200C67026 /* ViewElements */ = {
			isa = PBXGroup;
			children = (
				F6E9E3EB1DB99B9A00C67026 /* RecordEntryView.swift */,
				F6E9E3ED1DB99BB200C67026 /* RecordEntryView.xib */,
				F686CA2A1DA2DF940060B57D /* ChildProfileTableViewCell.swift */,
			);
			name = ViewElements;
			sourceTree = "<group>";
		};
/* End PBXGroup section */

/* Begin PBXNativeTarget section */
		0A388FF51D98D620007E126A /* ChildWellnessApplication */ = {
			isa = PBXNativeTarget;
			buildConfigurationList = 0A38901E1D98D621007E126A /* Build configuration list for PBXNativeTarget "ChildWellnessApplication" */;
			buildPhases = (
				0A388FF21D98D620007E126A /* Sources */,
				0A388FF31D98D620007E126A /* Frameworks */,
				0A388FF41D98D620007E126A /* Resources */,
				A04212751DA9F58F00F7F0FB /* Embed Frameworks */,
				A04212761DA9F5B200F7F0FB /* ShellScript */,
			);
			buildRules = (
			);
			dependencies = (
			);
			name = ChildWellnessApplication;
			productName = ChildWellnessApplication;
			productReference = 0A388FF61D98D620007E126A /* ChildWellnessApplication.app */;
			productType = "com.apple.product-type.application";
		};
		0A3890091D98D620007E126A /* ChildWellnessApplicationTests */ = {
			isa = PBXNativeTarget;
			buildConfigurationList = 0A3890211D98D621007E126A /* Build configuration list for PBXNativeTarget "ChildWellnessApplicationTests" */;
			buildPhases = (
				0A3890061D98D620007E126A /* Sources */,
				0A3890071D98D620007E126A /* Frameworks */,
				0A3890081D98D620007E126A /* Resources */,
			);
			buildRules = (
			);
			dependencies = (
				0A38900C1D98D620007E126A /* PBXTargetDependency */,
			);
			name = ChildWellnessApplicationTests;
			productName = ChildWellnessApplicationTests;
			productReference = 0A38900A1D98D620007E126A /* ChildWellnessApplicationTests.xctest */;
			productType = "com.apple.product-type.bundle.unit-test";
		};
		0A3890141D98D621007E126A /* ChildWellnessApplicationUITests */ = {
			isa = PBXNativeTarget;
			buildConfigurationList = 0A3890241D98D621007E126A /* Build configuration list for PBXNativeTarget "ChildWellnessApplicationUITests" */;
			buildPhases = (
				0A3890111D98D621007E126A /* Sources */,
				0A3890121D98D621007E126A /* Frameworks */,
				0A3890131D98D621007E126A /* Resources */,
			);
			buildRules = (
			);
			dependencies = (
				0A3890171D98D621007E126A /* PBXTargetDependency */,
			);
			name = ChildWellnessApplicationUITests;
			productName = ChildWellnessApplicationUITests;
			productReference = 0A3890151D98D621007E126A /* ChildWellnessApplicationUITests.xctest */;
			productType = "com.apple.product-type.bundle.ui-testing";
		};
/* End PBXNativeTarget section */

/* Begin PBXProject section */
		0A388FEE1D98D620007E126A /* Project object */ = {
			isa = PBXProject;
			attributes = {
				LastSwiftUpdateCheck = 0800;
				LastUpgradeCheck = 0800;
				ORGANIZATIONNAME = group6;
				TargetAttributes = {
					0A388FF51D98D620007E126A = {
						CreatedOnToolsVersion = 8.0;
						ProvisioningStyle = Automatic;
					};
					0A3890091D98D620007E126A = {
						CreatedOnToolsVersion = 8.0;
						ProvisioningStyle = Automatic;
						TestTargetID = 0A388FF51D98D620007E126A;
					};
					0A3890141D98D621007E126A = {
						CreatedOnToolsVersion = 8.0;
						ProvisioningStyle = Automatic;
						TestTargetID = 0A388FF51D98D620007E126A;
					};
				};
			};
			buildConfigurationList = 0A388FF11D98D620007E126A /* Build configuration list for PBXProject "ChildWellnessApplication" */;
			compatibilityVersion = "Xcode 3.2";
			developmentRegion = English;
			hasScannedForEncodings = 0;
			knownRegions = (
				en,
				Base,
			);
			mainGroup = 0A388FED1D98D620007E126A;
			productRefGroup = 0A388FF71D98D620007E126A /* Products */;
			projectDirPath = "";
			projectReferences = (
				{
					ProductGroup = AC0283FF1DCABEB900FB33F3 /* Products */;
					ProjectRef = AC0283FE1DCABEB900FB33F3 /* Charts.xcodeproj */;
				},
			);
			projectRoot = "";
			targets = (
				0A388FF51D98D620007E126A /* ChildWellnessApplication */,
				0A3890091D98D620007E126A /* ChildWellnessApplicationTests */,
				0A3890141D98D621007E126A /* ChildWellnessApplicationUITests */,
			);
		};
/* End PBXProject section */

/* Begin PBXReferenceProxy section */
		AC0284051DCABEBA00FB33F3 /* Charts.framework */ = {
			isa = PBXReferenceProxy;
			fileType = wrapper.framework;
			path = Charts.framework;
			remoteRef = AC0284041DCABEBA00FB33F3 /* PBXContainerItemProxy */;
			sourceTree = BUILT_PRODUCTS_DIR;
		};
		AC0284071DCABEBA00FB33F3 /* ChartsRealm.framework */ = {
			isa = PBXReferenceProxy;
			fileType = wrapper.framework;
			path = ChartsRealm.framework;
			remoteRef = AC0284061DCABEBA00FB33F3 /* PBXContainerItemProxy */;
			sourceTree = BUILT_PRODUCTS_DIR;
		};
		AC0284091DCABEBA00FB33F3 /* ChartsTests.xctest */ = {
			isa = PBXReferenceProxy;
			fileType = wrapper.cfbundle;
			path = ChartsTests.xctest;
			remoteRef = AC0284081DCABEBA00FB33F3 /* PBXContainerItemProxy */;
			sourceTree = BUILT_PRODUCTS_DIR;
		};
/* End PBXReferenceProxy section */

/* Begin PBXResourcesBuildPhase section */
		0A388FF41D98D620007E126A /* Resources */ = {
			isa = PBXResourcesBuildPhase;
			buildActionMask = 2147483647;
			files = (
				F686CA311DA35BE50060B57D /* .gitignore in Resources */,
				F6E9E3EE1DB99BB200C67026 /* RecordEntryView.xib in Resources */,
				0A3890041D98D620007E126A /* LaunchScreen.storyboard in Resources */,
				0A3890011D98D620007E126A /* Assets.xcassets in Resources */,
				F6FABCE01DA7167700E0ABEB /* Main.storyboard in Resources */,
			);
			runOnlyForDeploymentPostprocessing = 0;
		};
		0A3890081D98D620007E126A /* Resources */ = {
			isa = PBXResourcesBuildPhase;
			buildActionMask = 2147483647;
			files = (
			);
			runOnlyForDeploymentPostprocessing = 0;
		};
		0A3890131D98D621007E126A /* Resources */ = {
			isa = PBXResourcesBuildPhase;
			buildActionMask = 2147483647;
			files = (
			);
			runOnlyForDeploymentPostprocessing = 0;
		};
/* End PBXResourcesBuildPhase section */

/* Begin PBXShellScriptBuildPhase section */
		A04212761DA9F5B200F7F0FB /* ShellScript */ = {
			isa = PBXShellScriptBuildPhase;
			buildActionMask = 2147483647;
			files = (
			);
			inputPaths = (
			);
			outputPaths = (
			);
			runOnlyForDeploymentPostprocessing = 0;
			shellPath = /bin/sh;
			shellScript = "bash \"${BUILT_PRODUCTS_DIR}/${FRAMEWORKS_FOLDER_PATH}/Realm.framework/strip-frameworks.sh\"";
		};
/* End PBXShellScriptBuildPhase section */

/* Begin PBXSourcesBuildPhase section */
		0A388FF21D98D620007E126A /* Sources */ = {
			isa = PBXSourcesBuildPhase;
			buildActionMask = 2147483647;
			files = (
				F61B20491DBB2741001A9FBE /* EmotionViewController.swift in Sources */,
				F686CA2F1DA2F6880060B57D /* ChildModel.swift in Sources */,
				F6F103891DAB300200DBB605 /* AppChild.swift in Sources */,
				F639F3E01DB6DDAD005741AC /* RecordObject.swift in Sources */,
				AC0284101DCAC19D00FB33F3 /* AnalysisDashboardController.swift in Sources */,
				F61B20471DBB2184001A9FBE /* SocialObject.swift in Sources */,
				AC0284141DCAD66700FB33F3 /* MyXAxisValueFormatter.swift in Sources */,
				F6E9E3F21DB9C9B100C67026 /* RecordFormViewController.swift in Sources */,
				F6E9E3F01DB9B2C200C67026 /* ActivityViewController.swift in Sources */,
				F6FABCDD1DA701B200E0ABEB /* ChildFormViewController.swift in Sources */,
				A04212781DAA013700F7F0FB /* RealmObjects.swift in Sources */,
				F6FABCE21DA73F7400E0ABEB /* ChildProfileViewController.swift in Sources */,
				AC0284121DCAC4C900FB33F3 /* AnalysisChartController.swift in Sources */,
				F686CA2D1DA2F4B20060B57D /* ChildProfileTableViewController.swift in Sources */,
				0AF3058D1DA07A96008A4625 /* LoginViewController.swift in Sources */,
				F61B20451DBB208F001A9FBE /* CommunicationObject.swift in Sources */,
				F639F3E41DB71B9F005741AC /* SelectActionViewController.swift in Sources */,
				F639F3E21DB6E05D005741AC /* ActivityObject.swift in Sources */,
				F61B20431DBB1EC6001A9FBE /* EmotionObject.swift in Sources */,
				0AA9484B1D9B6B01007E0799 /* SignUpViewController.swift in Sources */,
				F61B204D1DBB3966001A9FBE /* CommunicationViewController.swift in Sources */,
				0A388FFC1D98D620007E126A /* ViewController.swift in Sources */,
				F6E9E3EC1DB99B9A00C67026 /* RecordEntryView.swift in Sources */,
				0A388FFA1D98D620007E126A /* AppDelegate.swift in Sources */,
				F686CA2B1DA2DF940060B57D /* ChildProfileTableViewCell.swift in Sources */,
				F61B204B1DBB33A5001A9FBE /* SocialViewController.swift in Sources */,
			);
			runOnlyForDeploymentPostprocessing = 0;
		};
		0A3890061D98D620007E126A /* Sources */ = {
			isa = PBXSourcesBuildPhase;
			buildActionMask = 2147483647;
			files = (
				0A38900F1D98D621007E126A /* ChildWellnessApplicationTests.swift in Sources */,
			);
			runOnlyForDeploymentPostprocessing = 0;
		};
		0A3890111D98D621007E126A /* Sources */ = {
			isa = PBXSourcesBuildPhase;
			buildActionMask = 2147483647;
			files = (
				0A38901A1D98D621007E126A /* ChildWellnessApplicationUITests.swift in Sources */,
			);
			runOnlyForDeploymentPostprocessing = 0;
		};
/* End PBXSourcesBuildPhase section */

/* Begin PBXTargetDependency section */
		0A38900C1D98D620007E126A /* PBXTargetDependency */ = {
			isa = PBXTargetDependency;
			target = 0A388FF51D98D620007E126A /* ChildWellnessApplication */;
			targetProxy = 0A38900B1D98D620007E126A /* PBXContainerItemProxy */;
		};
		0A3890171D98D621007E126A /* PBXTargetDependency */ = {
			isa = PBXTargetDependency;
			target = 0A388FF51D98D620007E126A /* ChildWellnessApplication */;
			targetProxy = 0A3890161D98D621007E126A /* PBXContainerItemProxy */;
		};
/* End PBXTargetDependency section */

/* Begin PBXVariantGroup section */
		0A3890021D98D620007E126A /* LaunchScreen.storyboard */ = {
			isa = PBXVariantGroup;
			children = (
				0A3890031D98D620007E126A /* Base */,
			);
			name = LaunchScreen.storyboard;
			sourceTree = "<group>";
		};
		F6FABCDE1DA7167700E0ABEB /* Main.storyboard */ = {
			isa = PBXVariantGroup;
			children = (
				F6FABCDF1DA7167700E0ABEB /* Base */,
			);
			name = Main.storyboard;
			sourceTree = "<group>";
		};
/* End PBXVariantGroup section */

/* Begin XCBuildConfiguration section */
		0A38901C1D98D621007E126A /* Debug */ = {
			isa = XCBuildConfiguration;
			buildSettings = {
				ALWAYS_SEARCH_USER_PATHS = NO;
				CLANG_ANALYZER_NONNULL = YES;
				CLANG_CXX_LANGUAGE_STANDARD = "gnu++0x";
				CLANG_CXX_LIBRARY = "libc++";
				CLANG_ENABLE_MODULES = YES;
				CLANG_ENABLE_OBJC_ARC = YES;
				CLANG_WARN_BOOL_CONVERSION = YES;
				CLANG_WARN_CONSTANT_CONVERSION = YES;
				CLANG_WARN_DIRECT_OBJC_ISA_USAGE = YES_ERROR;
				CLANG_WARN_DOCUMENTATION_COMMENTS = YES;
				CLANG_WARN_EMPTY_BODY = YES;
				CLANG_WARN_ENUM_CONVERSION = YES;
				CLANG_WARN_INFINITE_RECURSION = YES;
				CLANG_WARN_INT_CONVERSION = YES;
				CLANG_WARN_OBJC_ROOT_CLASS = YES_ERROR;
				CLANG_WARN_SUSPICIOUS_MOVES = YES;
				CLANG_WARN_UNREACHABLE_CODE = YES;
				CLANG_WARN__DUPLICATE_METHOD_MATCH = YES;
				"CODE_SIGN_IDENTITY[sdk=iphoneos*]" = "iPhone Developer";
				COPY_PHASE_STRIP = NO;
				DEBUG_INFORMATION_FORMAT = dwarf;
				ENABLE_STRICT_OBJC_MSGSEND = YES;
				ENABLE_TESTABILITY = YES;
				GCC_C_LANGUAGE_STANDARD = gnu99;
				GCC_DYNAMIC_NO_PIC = NO;
				GCC_NO_COMMON_BLOCKS = YES;
				GCC_OPTIMIZATION_LEVEL = 0;
				GCC_PREPROCESSOR_DEFINITIONS = (
					"DEBUG=1",
					"$(inherited)",
				);
				GCC_WARN_64_TO_32_BIT_CONVERSION = YES;
				GCC_WARN_ABOUT_RETURN_TYPE = YES_ERROR;
				GCC_WARN_UNDECLARED_SELECTOR = YES;
				GCC_WARN_UNINITIALIZED_AUTOS = YES_AGGRESSIVE;
				GCC_WARN_UNUSED_FUNCTION = YES;
				GCC_WARN_UNUSED_VARIABLE = YES;
				IPHONEOS_DEPLOYMENT_TARGET = 10.0;
				MTL_ENABLE_DEBUG_INFO = YES;
				ONLY_ACTIVE_ARCH = YES;
				SDKROOT = iphoneos;
				SWIFT_ACTIVE_COMPILATION_CONDITIONS = DEBUG;
				SWIFT_OPTIMIZATION_LEVEL = "-Onone";
			};
			name = Debug;
		};
		0A38901D1D98D621007E126A /* Release */ = {
			isa = XCBuildConfiguration;
			buildSettings = {
				ALWAYS_SEARCH_USER_PATHS = NO;
				CLANG_ANALYZER_NONNULL = YES;
				CLANG_CXX_LANGUAGE_STANDARD = "gnu++0x";
				CLANG_CXX_LIBRARY = "libc++";
				CLANG_ENABLE_MODULES = YES;
				CLANG_ENABLE_OBJC_ARC = YES;
				CLANG_WARN_BOOL_CONVERSION = YES;
				CLANG_WARN_CONSTANT_CONVERSION = YES;
				CLANG_WARN_DIRECT_OBJC_ISA_USAGE = YES_ERROR;
				CLANG_WARN_DOCUMENTATION_COMMENTS = YES;
				CLANG_WARN_EMPTY_BODY = YES;
				CLANG_WARN_ENUM_CONVERSION = YES;
				CLANG_WARN_INFINITE_RECURSION = YES;
				CLANG_WARN_INT_CONVERSION = YES;
				CLANG_WARN_OBJC_ROOT_CLASS = YES_ERROR;
				CLANG_WARN_SUSPICIOUS_MOVES = YES;
				CLANG_WARN_UNREACHABLE_CODE = YES;
				CLANG_WARN__DUPLICATE_METHOD_MATCH = YES;
				"CODE_SIGN_IDENTITY[sdk=iphoneos*]" = "iPhone Developer";
				COPY_PHASE_STRIP = NO;
				DEBUG_INFORMATION_FORMAT = "dwarf-with-dsym";
				ENABLE_NS_ASSERTIONS = NO;
				ENABLE_STRICT_OBJC_MSGSEND = YES;
				GCC_C_LANGUAGE_STANDARD = gnu99;
				GCC_NO_COMMON_BLOCKS = YES;
				GCC_WARN_64_TO_32_BIT_CONVERSION = YES;
				GCC_WARN_ABOUT_RETURN_TYPE = YES_ERROR;
				GCC_WARN_UNDECLARED_SELECTOR = YES;
				GCC_WARN_UNINITIALIZED_AUTOS = YES_AGGRESSIVE;
				GCC_WARN_UNUSED_FUNCTION = YES;
				GCC_WARN_UNUSED_VARIABLE = YES;
				IPHONEOS_DEPLOYMENT_TARGET = 10.0;
				MTL_ENABLE_DEBUG_INFO = NO;
				SDKROOT = iphoneos;
				SWIFT_OPTIMIZATION_LEVEL = "-Owholemodule";
				VALIDATE_PRODUCT = YES;
			};
			name = Release;
		};
		0A38901F1D98D621007E126A /* Debug */ = {
			isa = XCBuildConfiguration;
			buildSettings = {
				ALWAYS_EMBED_SWIFT_STANDARD_LIBRARIES = YES;
				ASSETCATALOG_COMPILER_APPICON_NAME = AppIcon;
				FRAMEWORK_SEARCH_PATHS = (
					"$(inherited)",
					"$(PROJECT_DIR)",
				);
				INFOPLIST_FILE = ChildWellnessApplication/Info.plist;
				LD_RUNPATH_SEARCH_PATHS = "$(inherited) @executable_path/Frameworks";
				PRODUCT_BUNDLE_IDENTIFIER = OSUCapstone.ChildWellnessApplication;
				PRODUCT_NAME = "$(TARGET_NAME)";
				SWIFT_VERSION = 3.0;
			};
			name = Debug;
		};
		0A3890201D98D621007E126A /* Release */ = {
			isa = XCBuildConfiguration;
			buildSettings = {
				ALWAYS_EMBED_SWIFT_STANDARD_LIBRARIES = YES;
				ASSETCATALOG_COMPILER_APPICON_NAME = AppIcon;
				FRAMEWORK_SEARCH_PATHS = (
					"$(inherited)",
					"$(PROJECT_DIR)",
				);
				INFOPLIST_FILE = ChildWellnessApplication/Info.plist;
				LD_RUNPATH_SEARCH_PATHS = "$(inherited) @executable_path/Frameworks";
				PRODUCT_BUNDLE_IDENTIFIER = OSUCapstone.ChildWellnessApplication;
				PRODUCT_NAME = "$(TARGET_NAME)";
				SWIFT_VERSION = 3.0;
			};
			name = Release;
		};
		0A3890221D98D621007E126A /* Debug */ = {
			isa = XCBuildConfiguration;
			buildSettings = {
				ALWAYS_EMBED_SWIFT_STANDARD_LIBRARIES = YES;
				BUNDLE_LOADER = "$(TEST_HOST)";
				INFOPLIST_FILE = ChildWellnessApplicationTests/Info.plist;
				LD_RUNPATH_SEARCH_PATHS = "$(inherited) @executable_path/Frameworks @loader_path/Frameworks";
				PRODUCT_BUNDLE_IDENTIFIER = OSUCapstone.ChildWellnessApplicationTests;
				PRODUCT_NAME = "$(TARGET_NAME)";
				SWIFT_VERSION = 3.0;
				TEST_HOST = "$(BUILT_PRODUCTS_DIR)/ChildWellnessApplication.app/ChildWellnessApplication";
			};
			name = Debug;
		};
		0A3890231D98D621007E126A /* Release */ = {
			isa = XCBuildConfiguration;
			buildSettings = {
				ALWAYS_EMBED_SWIFT_STANDARD_LIBRARIES = YES;
				BUNDLE_LOADER = "$(TEST_HOST)";
				INFOPLIST_FILE = ChildWellnessApplicationTests/Info.plist;
				LD_RUNPATH_SEARCH_PATHS = "$(inherited) @executable_path/Frameworks @loader_path/Frameworks";
				PRODUCT_BUNDLE_IDENTIFIER = OSUCapstone.ChildWellnessApplicationTests;
				PRODUCT_NAME = "$(TARGET_NAME)";
				SWIFT_VERSION = 3.0;
				TEST_HOST = "$(BUILT_PRODUCTS_DIR)/ChildWellnessApplication.app/ChildWellnessApplication";
			};
			name = Release;
		};
		0A3890251D98D621007E126A /* Debug */ = {
			isa = XCBuildConfiguration;
			buildSettings = {
				ALWAYS_EMBED_SWIFT_STANDARD_LIBRARIES = YES;
				INFOPLIST_FILE = ChildWellnessApplicationUITests/Info.plist;
				LD_RUNPATH_SEARCH_PATHS = "$(inherited) @executable_path/Frameworks @loader_path/Frameworks";
				PRODUCT_BUNDLE_IDENTIFIER = OSUCapstone.ChildWellnessApplicationUITests;
				PRODUCT_NAME = "$(TARGET_NAME)";
				SWIFT_VERSION = 3.0;
				TEST_TARGET_NAME = ChildWellnessApplication;
			};
			name = Debug;
		};
		0A3890261D98D621007E126A /* Release */ = {
			isa = XCBuildConfiguration;
			buildSettings = {
				ALWAYS_EMBED_SWIFT_STANDARD_LIBRARIES = YES;
				INFOPLIST_FILE = ChildWellnessApplicationUITests/Info.plist;
				LD_RUNPATH_SEARCH_PATHS = "$(inherited) @executable_path/Frameworks @loader_path/Frameworks";
				PRODUCT_BUNDLE_IDENTIFIER = OSUCapstone.ChildWellnessApplicationUITests;
				PRODUCT_NAME = "$(TARGET_NAME)";
				SWIFT_VERSION = 3.0;
				TEST_TARGET_NAME = ChildWellnessApplication;
			};
			name = Release;
		};
/* End XCBuildConfiguration section */

/* Begin XCConfigurationList section */
		0A388FF11D98D620007E126A /* Build configuration list for PBXProject "ChildWellnessApplication" */ = {
			isa = XCConfigurationList;
			buildConfigurations = (
				0A38901C1D98D621007E126A /* Debug */,
				0A38901D1D98D621007E126A /* Release */,
			);
			defaultConfigurationIsVisible = 0;
			defaultConfigurationName = Release;
		};
		0A38901E1D98D621007E126A /* Build configuration list for PBXNativeTarget "ChildWellnessApplication" */ = {
			isa = XCConfigurationList;
			buildConfigurations = (
				0A38901F1D98D621007E126A /* Debug */,
				0A3890201D98D621007E126A /* Release */,
			);
			defaultConfigurationIsVisible = 0;
			defaultConfigurationName = Release;
		};
		0A3890211D98D621007E126A /* Build configuration list for PBXNativeTarget "ChildWellnessApplicationTests" */ = {
			isa = XCConfigurationList;
			buildConfigurations = (
				0A3890221D98D621007E126A /* Debug */,
				0A3890231D98D621007E126A /* Release */,
			);
			defaultConfigurationIsVisible = 0;
			defaultConfigurationName = Release;
		};
		0A3890241D98D621007E126A /* Build configuration list for PBXNativeTarget "ChildWellnessApplicationUITests" */ = {
			isa = XCConfigurationList;
			buildConfigurations = (
				0A3890251D98D621007E126A /* Debug */,
				0A3890261D98D621007E126A /* Release */,
			);
			defaultConfigurationIsVisible = 0;
			defaultConfigurationName = Release;
		};
/* End XCConfigurationList section */
	};
	rootObject = 0A388FEE1D98D620007E126A /* Project object */;
}
